# This file is autogenerated, do not edit; changes may be undone by the next 'dep ensure'.


[[projects]]
  name = "github.com/grafov/m3u8"
  packages = ["."]
  revision = "0b86a8a8eaf300b6dfaf5a7a32b6e0b86f094621"
  version = "v0.10"

[solve-meta]
  analyzer-name = "dep"
  analyzer-version = 1
  inputs-digest = "88f2415af28b6c5159cad481c1f6da479614b61a6159a4616302379305fb2592"
  solver-name = "gps-cdcl"
  solver-version = 1
